
Microsoft Visual Studio Solution File, Format Version 12.00
# Visual Studio Version 17
VisualStudioVersion = 17.2.32519.379
MinimumVisualStudioVersion = 10.0.40219.1
Project("{FAE04EC0-301F-11D3-BF4B-00C04F79EFBC}") = "Gerdy.App", "Gerdy.App\Gerdy.App.csproj", "{D42F44DF-5D42-43A5-8274-4CE427108F2B}"
EndProject
Global
	GlobalSection(SolutionConfigurationPlatforms) = preSolution
		Debug|Any CPU = Debug|Any CPU
		Release|Any CPU = Release|Any CPU
	EndGlobalSection
	GlobalSection(ProjectConfigurationPlatforms) = postSolution
		{D42F44DF-5D42-43A5-8274-4CE427108F2B}.Debug|Any CPU.ActiveCfg = Debug|Any CPU
		{D42F44DF-5D42-43A5-8274-4CE427108F2B}.Debug|Any CPU.Build.0 = Debug|Any CPU
		{D42F44DF-5D42-43A5-8274-4CE427108F2B}.Release|Any CPU.ActiveCfg = Release|Any CPU
		{D42F44DF-5D42-43A5-8274-4CE427108F2B}.Release|Any CPU.Build.0 = Release|Any CPU
	EndGlobalSection
	GlobalSection(SolutionProperties) = preSolution
		HideSolutionNode = FALSE
	EndGlobalSection
	GlobalSection(ExtensibilityGlobals) = postSolution
		SolutionGuid = {6A9907D9-CA4B-4787-9F08-80DF4A5F4468}
	EndGlobalSection
EndGlobal
